
Microsoft Visual Studio Solution File, Format Version 12.00
# Visual Studio Version 17
VisualStudioVersion = 17.13.35818.85 d17.13
MinimumVisualStudioVersion = 10.0.40219.1
Project("{FAE04EC0-301F-11D3-BF4B-00C04F79EFBC}") = "Laboratornaya3IVT7App1", "Laboratornaya3IVT7App1\Laboratornaya3IVT7App1.csproj", "{E87CB965-4B9C-4C9A-8DBB-8DCD78D55457}"
EndProject
Global
	GlobalSection(SolutionConfigurationPlatforms) = preSolution
		Debug|Any CPU = Debug|Any CPU
		Release|Any CPU = Release|Any CPU
	EndGlobalSection
	GlobalSection(ProjectConfigurationPlatforms) = postSolution
		{E87CB965-4B9C-4C9A-8DBB-8DCD78D55457}.Debug|Any CPU.ActiveCfg = Debug|Any CPU
		{E87CB965-4B9C-4C9A-8DBB-8DCD78D55457}.Debug|Any CPU.Build.0 = Debug|Any CPU
		{E87CB965-4B9C-4C9A-8DBB-8DCD78D55457}.Release|Any CPU.ActiveCfg = Release|Any CPU
		{E87CB965-4B9C-4C9A-8DBB-8DCD78D55457}.Release|Any CPU.Build.0 = Release|Any CPU
	EndGlobalSection
	GlobalSection(SolutionProperties) = preSolution
		HideSolutionNode = FALSE
	EndGlobalSection
	GlobalSection(ExtensibilityGlobals) = postSolution
		SolutionGuid = {6B22D6BC-A12A-4EAF-882B-93A64D5952D6}
	EndGlobalSection
EndGlobal
