
Microsoft Visual Studio Solution File, Format Version 12.00
# Visual Studio Version 17
VisualStudioVersion = 17.7.34221.43
MinimumVisualStudioVersion = 10.0.40219.1
Project("{FAE04EC0-301F-11D3-BF4B-00C04F79EFBC}") = "Laba9_variant7_Part3", "Laba9_variant7_Part3\Laba9_variant7_Part3.csproj", "{1C9CCED7-D446-4BA8-870B-9DF8B493D529}"
EndProject
Global
	GlobalSection(SolutionConfigurationPlatforms) = preSolution
		Debug|Any CPU = Debug|Any CPU
		Release|Any CPU = Release|Any CPU
	EndGlobalSection
	GlobalSection(ProjectConfigurationPlatforms) = postSolution
		{1C9CCED7-D446-4BA8-870B-9DF8B493D529}.Debug|Any CPU.ActiveCfg = Debug|Any CPU
		{1C9CCED7-D446-4BA8-870B-9DF8B493D529}.Debug|Any CPU.Build.0 = Debug|Any CPU
		{1C9CCED7-D446-4BA8-870B-9DF8B493D529}.Release|Any CPU.ActiveCfg = Release|Any CPU
		{1C9CCED7-D446-4BA8-870B-9DF8B493D529}.Release|Any CPU.Build.0 = Release|Any CPU
	EndGlobalSection
	GlobalSection(SolutionProperties) = preSolution
		HideSolutionNode = FALSE
	EndGlobalSection
	GlobalSection(ExtensibilityGlobals) = postSolution
		SolutionGuid = {95338C00-6779-4B3F-9974-C80CCAC04CEF}
	EndGlobalSection
EndGlobal
