
Microsoft Visual Studio Solution File, Format Version 12.00
# Visual Studio Version 17
VisualStudioVersion = 17.7.34221.43
MinimumVisualStudioVersion = 10.0.40219.1
Project("{FAE04EC0-301F-11D3-BF4B-00C04F79EFBC}") = "Laba9_variant7_Part1", "Laba9_variant7_Part1\Laba9_variant7_Part1.csproj", "{8C360791-907D-4CE9-B0B6-310699F71544}"
EndProject
Global
	GlobalSection(SolutionConfigurationPlatforms) = preSolution
		Debug|Any CPU = Debug|Any CPU
		Release|Any CPU = Release|Any CPU
	EndGlobalSection
	GlobalSection(ProjectConfigurationPlatforms) = postSolution
		{8C360791-907D-4CE9-B0B6-310699F71544}.Debug|Any CPU.ActiveCfg = Debug|Any CPU
		{8C360791-907D-4CE9-B0B6-310699F71544}.Debug|Any CPU.Build.0 = Debug|Any CPU
		{8C360791-907D-4CE9-B0B6-310699F71544}.Release|Any CPU.ActiveCfg = Release|Any CPU
		{8C360791-907D-4CE9-B0B6-310699F71544}.Release|Any CPU.Build.0 = Release|Any CPU
	EndGlobalSection
	GlobalSection(SolutionProperties) = preSolution
		HideSolutionNode = FALSE
	EndGlobalSection
	GlobalSection(ExtensibilityGlobals) = postSolution
		SolutionGuid = {213B8164-6970-46E6-8284-92A0C1BBB28B}
	EndGlobalSection
EndGlobal
