
Microsoft Visual Studio Solution File, Format Version 12.00
# Visual Studio Version 17
VisualStudioVersion = 17.7.34221.43
MinimumVisualStudioVersion = 10.0.40219.1
Project("{FAE04EC0-301F-11D3-BF4B-00C04F79EFBC}") = "Labolatornaya10IVT1_variant7", "Labolatornaya10IVT1_variant7\Labolatornaya10IVT1_variant7.csproj", "{EDC925A2-518B-497D-BDB7-957C7D465471}"
EndProject
Global
	GlobalSection(SolutionConfigurationPlatforms) = preSolution
		Debug|Any CPU = Debug|Any CPU
		Release|Any CPU = Release|Any CPU
	EndGlobalSection
	GlobalSection(ProjectConfigurationPlatforms) = postSolution
		{EDC925A2-518B-497D-BDB7-957C7D465471}.Debug|Any CPU.ActiveCfg = Debug|Any CPU
		{EDC925A2-518B-497D-BDB7-957C7D465471}.Debug|Any CPU.Build.0 = Debug|Any CPU
		{EDC925A2-518B-497D-BDB7-957C7D465471}.Release|Any CPU.ActiveCfg = Release|Any CPU
		{EDC925A2-518B-497D-BDB7-957C7D465471}.Release|Any CPU.Build.0 = Release|Any CPU
	EndGlobalSection
	GlobalSection(SolutionProperties) = preSolution
		HideSolutionNode = FALSE
	EndGlobalSection
	GlobalSection(ExtensibilityGlobals) = postSolution
		SolutionGuid = {26C3CA57-39FE-4737-A425-C4719B5FB9CA}
	EndGlobalSection
EndGlobal
