
Microsoft Visual Studio Solution File, Format Version 12.00
# Visual Studio Version 17
VisualStudioVersion = 17.7.34221.43
MinimumVisualStudioVersion = 10.0.40219.1
Project("{FAE04EC0-301F-11D3-BF4B-00C04F79EFBC}") = "Laba4Informatika", "Laba4Informatika\Laba4Informatika.csproj", "{204D4059-D926-411B-A353-91B94BEE1363}"
EndProject
Global
	GlobalSection(SolutionConfigurationPlatforms) = preSolution
		Debug|Any CPU = Debug|Any CPU
		Release|Any CPU = Release|Any CPU
	EndGlobalSection
	GlobalSection(ProjectConfigurationPlatforms) = postSolution
		{204D4059-D926-411B-A353-91B94BEE1363}.Debug|Any CPU.ActiveCfg = Debug|Any CPU
		{204D4059-D926-411B-A353-91B94BEE1363}.Debug|Any CPU.Build.0 = Debug|Any CPU
		{204D4059-D926-411B-A353-91B94BEE1363}.Release|Any CPU.ActiveCfg = Release|Any CPU
		{204D4059-D926-411B-A353-91B94BEE1363}.Release|Any CPU.Build.0 = Release|Any CPU
	EndGlobalSection
	GlobalSection(SolutionProperties) = preSolution
		HideSolutionNode = FALSE
	EndGlobalSection
	GlobalSection(ExtensibilityGlobals) = postSolution
		SolutionGuid = {FD0CF978-980E-4572-8E22-99D758CA5632}
	EndGlobalSection
EndGlobal
